
Microsoft Visual Studio Solution File, Format Version 12.00
# Visual Studio 15
VisualStudioVersion = 15.0.27004.2010
MinimumVisualStudioVersion = 10.0.40219.1
Project("{2150E333-8FDC-42A3-9474-1A3956D46DE8}") = "API", "API", "{B2892E27-20D0-465A-8276-F11E1013094F}"
EndProject
Project("{FAE04EC0-301F-11D3-BF4B-00C04F79EFBC}") = "JarvisEdge.API", "API\JarvisEdge.API\JarvisEdge.API.csproj", "{8B99C2D0-8448-4E1A-89DC-FF14782427B5}"
EndProject
Project("{2150E333-8FDC-42A3-9474-1A3956D46DE8}") = "Infrastructure", "Infrastructure", "{4BC1C81C-DD1E-4567-8AC4-210D2212B271}"
EndProject
Project("{2150E333-8FDC-42A3-9474-1A3956D46DE8}") = "Data", "Data", "{0E607D8F-3F1F-4F6E-B2FE-D753E407394D}"
EndProject
Project("{FAE04EC0-301F-11D3-BF4B-00C04F79EFBC}") = "JarvisEdge.Services", "Infrastructure\JarvisEdge.Services\JarvisEdge.Services.csproj", "{F850B59F-87D9-4CD2-BB83-E733DDA8C0DB}"
EndProject
Project("{FAE04EC0-301F-11D3-BF4B-00C04F79EFBC}") = "JarvisEdge.IoC", "Infrastructure\JarvisEdge.IoC\JarvisEdge.IoC.csproj", "{48818AA5-594C-4032-80A8-7BE51C3D5B7C}"
EndProject
Project("{FAE04EC0-301F-11D3-BF4B-00C04F79EFBC}") = "JarvisEdge.ServiceInterfaces", "Infrastructure\JarvisEdge.ServiceInterfaces\JarvisEdge.ServiceInterfaces.csproj", "{BBC58493-BE83-47EE-884B-A4D1BD440223}"
EndProject
Global
	GlobalSection(SolutionConfigurationPlatforms) = preSolution
		Debug|Any CPU = Debug|Any CPU
		Release|Any CPU = Release|Any CPU
	EndGlobalSection
	GlobalSection(ProjectConfigurationPlatforms) = postSolution
		{8B99C2D0-8448-4E1A-89DC-FF14782427B5}.Debug|Any CPU.ActiveCfg = Debug|Any CPU
		{8B99C2D0-8448-4E1A-89DC-FF14782427B5}.Debug|Any CPU.Build.0 = Debug|Any CPU
		{8B99C2D0-8448-4E1A-89DC-FF14782427B5}.Release|Any CPU.ActiveCfg = Release|Any CPU
		{8B99C2D0-8448-4E1A-89DC-FF14782427B5}.Release|Any CPU.Build.0 = Release|Any CPU
		{F850B59F-87D9-4CD2-BB83-E733DDA8C0DB}.Debug|Any CPU.ActiveCfg = Debug|Any CPU
		{F850B59F-87D9-4CD2-BB83-E733DDA8C0DB}.Debug|Any CPU.Build.0 = Debug|Any CPU
		{F850B59F-87D9-4CD2-BB83-E733DDA8C0DB}.Release|Any CPU.ActiveCfg = Release|Any CPU
		{F850B59F-87D9-4CD2-BB83-E733DDA8C0DB}.Release|Any CPU.Build.0 = Release|Any CPU
		{48818AA5-594C-4032-80A8-7BE51C3D5B7C}.Debug|Any CPU.ActiveCfg = Debug|Any CPU
		{48818AA5-594C-4032-80A8-7BE51C3D5B7C}.Debug|Any CPU.Build.0 = Debug|Any CPU
		{48818AA5-594C-4032-80A8-7BE51C3D5B7C}.Release|Any CPU.ActiveCfg = Release|Any CPU
		{48818AA5-594C-4032-80A8-7BE51C3D5B7C}.Release|Any CPU.Build.0 = Release|Any CPU
		{BBC58493-BE83-47EE-884B-A4D1BD440223}.Debug|Any CPU.ActiveCfg = Debug|Any CPU
		{BBC58493-BE83-47EE-884B-A4D1BD440223}.Debug|Any CPU.Build.0 = Debug|Any CPU
		{BBC58493-BE83-47EE-884B-A4D1BD440223}.Release|Any CPU.ActiveCfg = Release|Any CPU
		{BBC58493-BE83-47EE-884B-A4D1BD440223}.Release|Any CPU.Build.0 = Release|Any CPU
	EndGlobalSection
	GlobalSection(SolutionProperties) = preSolution
		HideSolutionNode = FALSE
	EndGlobalSection
	GlobalSection(NestedProjects) = preSolution
		{8B99C2D0-8448-4E1A-89DC-FF14782427B5} = {B2892E27-20D0-465A-8276-F11E1013094F}
		{F850B59F-87D9-4CD2-BB83-E733DDA8C0DB} = {4BC1C81C-DD1E-4567-8AC4-210D2212B271}
		{48818AA5-594C-4032-80A8-7BE51C3D5B7C} = {4BC1C81C-DD1E-4567-8AC4-210D2212B271}
		{BBC58493-BE83-47EE-884B-A4D1BD440223} = {4BC1C81C-DD1E-4567-8AC4-210D2212B271}
	EndGlobalSection
	GlobalSection(ExtensibilityGlobals) = postSolution
		SolutionGuid = {D7C46456-60E6-4669-9E90-F0DBDA9271C8}
	EndGlobalSection
EndGlobal
